
Microsoft Visual Studio Solution File, Format Version 12.00
# Visual Studio Version 17
VisualStudioVersion = 17.0.32112.339
MinimumVisualStudioVersion = 10.0.40219.1
Project("{9A19103F-16F7-4668-BE54-9A1E7A4F7556}") = "calculadora", "calculadora.csproj", "{393341EC-77A8-40F4-AED8-92EC959B4145}"
EndProject
Project("{9A19103F-16F7-4668-BE54-9A1E7A4F7556}") = "TestProjectCalculadora", "..\TestProjectCalculadora\TestProjectCalculadora.csproj", "{AB3917B7-0AE0-4DBB-9D05-E0336BD66D71}"
EndProject
Global
	GlobalSection(SolutionConfigurationPlatforms) = preSolution
		Debug|Any CPU = Debug|Any CPU
		Release|Any CPU = Release|Any CPU
	EndGlobalSection
	GlobalSection(ProjectConfigurationPlatforms) = postSolution
		{393341EC-77A8-40F4-AED8-92EC959B4145}.Debug|Any CPU.ActiveCfg = Debug|Any CPU
		{393341EC-77A8-40F4-AED8-92EC959B4145}.Debug|Any CPU.Build.0 = Debug|Any CPU
		{393341EC-77A8-40F4-AED8-92EC959B4145}.Release|Any CPU.ActiveCfg = Release|Any CPU
		{393341EC-77A8-40F4-AED8-92EC959B4145}.Release|Any CPU.Build.0 = Release|Any CPU
		{AB3917B7-0AE0-4DBB-9D05-E0336BD66D71}.Debug|Any CPU.ActiveCfg = Debug|Any CPU
		{AB3917B7-0AE0-4DBB-9D05-E0336BD66D71}.Debug|Any CPU.Build.0 = Debug|Any CPU
		{AB3917B7-0AE0-4DBB-9D05-E0336BD66D71}.Release|Any CPU.ActiveCfg = Release|Any CPU
		{AB3917B7-0AE0-4DBB-9D05-E0336BD66D71}.Release|Any CPU.Build.0 = Release|Any CPU
	EndGlobalSection
	GlobalSection(SolutionProperties) = preSolution
		HideSolutionNode = FALSE
	EndGlobalSection
	GlobalSection(ExtensibilityGlobals) = postSolution
		SolutionGuid = {A3A9F49C-1F63-462C-A8E6-D891B007661C}
	EndGlobalSection
EndGlobal
